
Microsoft Visual Studio Solution File, Format Version 12.00
# Visual Studio 2015
Project("{FAE04EC0-301F-11D3-BF4B-00C04F79EFBC}") = "Totem run.Plugins", "Totem run.Plugins.csproj", "{4BFCEABC-9D08-B7D1-F691-0309B0E4B643}"
EndProject
Project("{FAE04EC0-301F-11D3-BF4B-00C04F79EFBC}") = "Totem run", "Totem run.csproj", "{D6D5D824-E185-5534-2B2F-6CEB1E1C0F92}"
EndProject
Project("{FAE04EC0-301F-11D3-BF4B-00C04F79EFBC}") = "Totem run.Editor.Plugins", "Totem run.Editor.Plugins.csproj", "{C2A0C926-8021-60AA-A3FB-63C1911214D9}"
EndProject
Project("{FAE04EC0-301F-11D3-BF4B-00C04F79EFBC}") = "Totem run.Editor", "Totem run.Editor.csproj", "{7AF33902-50A2-52A7-94FD-14AF16CB37BA}"
EndProject
Global
	GlobalSection(SolutionConfigurationPlatforms) = preSolution
		Debug|Any CPU = Debug|Any CPU
		Release|Any CPU = Release|Any CPU
	EndGlobalSection
	GlobalSection(ProjectConfigurationPlatforms) = postSolution
		{4BFCEABC-9D08-B7D1-F691-0309B0E4B643}.Debug|Any CPU.ActiveCfg = Debug|Any CPU
		{4BFCEABC-9D08-B7D1-F691-0309B0E4B643}.Debug|Any CPU.Build.0 = Debug|Any CPU
		{4BFCEABC-9D08-B7D1-F691-0309B0E4B643}.Release|Any CPU.ActiveCfg = Release|Any CPU
		{4BFCEABC-9D08-B7D1-F691-0309B0E4B643}.Release|Any CPU.Build.0 = Release|Any CPU
		{D6D5D824-E185-5534-2B2F-6CEB1E1C0F92}.Debug|Any CPU.ActiveCfg = Debug|Any CPU
		{D6D5D824-E185-5534-2B2F-6CEB1E1C0F92}.Debug|Any CPU.Build.0 = Debug|Any CPU
		{D6D5D824-E185-5534-2B2F-6CEB1E1C0F92}.Release|Any CPU.ActiveCfg = Release|Any CPU
		{D6D5D824-E185-5534-2B2F-6CEB1E1C0F92}.Release|Any CPU.Build.0 = Release|Any CPU
		{C2A0C926-8021-60AA-A3FB-63C1911214D9}.Debug|Any CPU.ActiveCfg = Debug|Any CPU
		{C2A0C926-8021-60AA-A3FB-63C1911214D9}.Debug|Any CPU.Build.0 = Debug|Any CPU
		{C2A0C926-8021-60AA-A3FB-63C1911214D9}.Release|Any CPU.ActiveCfg = Release|Any CPU
		{C2A0C926-8021-60AA-A3FB-63C1911214D9}.Release|Any CPU.Build.0 = Release|Any CPU
		{7AF33902-50A2-52A7-94FD-14AF16CB37BA}.Debug|Any CPU.ActiveCfg = Debug|Any CPU
		{7AF33902-50A2-52A7-94FD-14AF16CB37BA}.Debug|Any CPU.Build.0 = Debug|Any CPU
		{7AF33902-50A2-52A7-94FD-14AF16CB37BA}.Release|Any CPU.ActiveCfg = Release|Any CPU
		{7AF33902-50A2-52A7-94FD-14AF16CB37BA}.Release|Any CPU.Build.0 = Release|Any CPU
	EndGlobalSection
	GlobalSection(SolutionProperties) = preSolution
		HideSolutionNode = FALSE
	EndGlobalSection
EndGlobal
